
Microsoft Visual Studio Solution File, Format Version 12.00
# Visual Studio Version 17
VisualStudioVersion = 17.9.34723.18
MinimumVisualStudioVersion = 10.0.40219.1
Project("{FAE04EC0-301F-11D3-BF4B-00C04F79EFBC}") = "SecureMicroservices.Movies.API", "SecureMicroservices.Movies.API\SecureMicroservices.Movies.API.csproj", "{F81FAD00-77CE-428A-B961-084C36AF5072}"
EndProject
Project("{FAE04EC0-301F-11D3-BF4B-00C04F79EFBC}") = "SecureMicroservices.Identity", "SecureMicroservices.Identity\SecureMicroservices.Identity.csproj", "{2310F2C3-0B52-4C8F-AB31-BDA62D134BD8}"
EndProject
Global
	GlobalSection(SolutionConfigurationPlatforms) = preSolution
		Debug|Any CPU = Debug|Any CPU
		Release|Any CPU = Release|Any CPU
	EndGlobalSection
	GlobalSection(ProjectConfigurationPlatforms) = postSolution
		{F81FAD00-77CE-428A-B961-084C36AF5072}.Debug|Any CPU.ActiveCfg = Debug|Any CPU
		{F81FAD00-77CE-428A-B961-084C36AF5072}.Debug|Any CPU.Build.0 = Debug|Any CPU
		{F81FAD00-77CE-428A-B961-084C36AF5072}.Release|Any CPU.ActiveCfg = Release|Any CPU
		{F81FAD00-77CE-428A-B961-084C36AF5072}.Release|Any CPU.Build.0 = Release|Any CPU
		{2310F2C3-0B52-4C8F-AB31-BDA62D134BD8}.Debug|Any CPU.ActiveCfg = Debug|Any CPU
		{2310F2C3-0B52-4C8F-AB31-BDA62D134BD8}.Debug|Any CPU.Build.0 = Debug|Any CPU
		{2310F2C3-0B52-4C8F-AB31-BDA62D134BD8}.Release|Any CPU.ActiveCfg = Release|Any CPU
		{2310F2C3-0B52-4C8F-AB31-BDA62D134BD8}.Release|Any CPU.Build.0 = Release|Any CPU
	EndGlobalSection
	GlobalSection(SolutionProperties) = preSolution
		HideSolutionNode = FALSE
	EndGlobalSection
	GlobalSection(ExtensibilityGlobals) = postSolution
		SolutionGuid = {FF7DC532-03F7-4BA7-89DD-C50A992C479B}
	EndGlobalSection
EndGlobal
